
Microsoft Visual Studio Solution File, Format Version 12.00
# Visual Studio Version 16
VisualStudioVersion = 16.0.32228.343
MinimumVisualStudioVersion = 10.0.40219.1
Project("{FAE04EC0-301F-11D3-BF4B-00C04F79EFBC}") = "RizvanovLanguage", "RizvanovLanguage.csproj", "{515B7494-22DD-4E63-BFB6-BC2D14917E58}"
EndProject
Global
	GlobalSection(SolutionConfigurationPlatforms) = preSolution
		Debug|Any CPU = Debug|Any CPU
		Release|Any CPU = Release|Any CPU
	EndGlobalSection
	GlobalSection(ProjectConfigurationPlatforms) = postSolution
		{515B7494-22DD-4E63-BFB6-BC2D14917E58}.Debug|Any CPU.ActiveCfg = Debug|Any CPU
		{515B7494-22DD-4E63-BFB6-BC2D14917E58}.Debug|Any CPU.Build.0 = Debug|Any CPU
		{515B7494-22DD-4E63-BFB6-BC2D14917E58}.Release|Any CPU.ActiveCfg = Release|Any CPU
		{515B7494-22DD-4E63-BFB6-BC2D14917E58}.Release|Any CPU.Build.0 = Release|Any CPU
	EndGlobalSection
	GlobalSection(SolutionProperties) = preSolution
		HideSolutionNode = FALSE
	EndGlobalSection
	GlobalSection(ExtensibilityGlobals) = postSolution
		SolutionGuid = {3300F016-C090-461C-A21D-31106EF9EB76}
	EndGlobalSection
EndGlobal
